
Microsoft Visual Studio Solution File, Format Version 12.00
# Visual Studio Version 17
VisualStudioVersion = 17.12.35707.178 d17.12
MinimumVisualStudioVersion = 10.0.40219.1
Project("{FAE04EC0-301F-11D3-BF4B-00C04F79EFBC}") = "InterfaceAdapters", "InterfaceAdapters\InterfaceAdapters.csproj", "{5FB80791-B58B-4DF6-BFF9-BD7A20069C1F}"
EndProject
Project("{FAE04EC0-301F-11D3-BF4B-00C04F79EFBC}") = "Domain", "Domain\Domain.csproj", "{9BDADFBD-0D47-4428-BE60-CF44DAF218C6}"
EndProject
Project("{FAE04EC0-301F-11D3-BF4B-00C04F79EFBC}") = "Application", "Application\Application.csproj", "{7C0BB905-8D61-4DEB-98CA-5214104A0799}"
EndProject
Project("{FAE04EC0-301F-11D3-BF4B-00C04F79EFBC}") = "Infrastructure", "Infrastructure\Infrastructure.csproj", "{755E7EAD-8BA1-4D13-857E-1CCBC3024283}"
EndProject
Global
	GlobalSection(SolutionConfigurationPlatforms) = preSolution
		Debug|Any CPU = Debug|Any CPU
		Release|Any CPU = Release|Any CPU
	EndGlobalSection
	GlobalSection(ProjectConfigurationPlatforms) = postSolution
		{5FB80791-B58B-4DF6-BFF9-BD7A20069C1F}.Debug|Any CPU.ActiveCfg = Debug|Any CPU
		{5FB80791-B58B-4DF6-BFF9-BD7A20069C1F}.Debug|Any CPU.Build.0 = Debug|Any CPU
		{5FB80791-B58B-4DF6-BFF9-BD7A20069C1F}.Release|Any CPU.ActiveCfg = Release|Any CPU
		{5FB80791-B58B-4DF6-BFF9-BD7A20069C1F}.Release|Any CPU.Build.0 = Release|Any CPU
		{9BDADFBD-0D47-4428-BE60-CF44DAF218C6}.Debug|Any CPU.ActiveCfg = Debug|Any CPU
		{9BDADFBD-0D47-4428-BE60-CF44DAF218C6}.Debug|Any CPU.Build.0 = Debug|Any CPU
		{9BDADFBD-0D47-4428-BE60-CF44DAF218C6}.Release|Any CPU.ActiveCfg = Release|Any CPU
		{9BDADFBD-0D47-4428-BE60-CF44DAF218C6}.Release|Any CPU.Build.0 = Release|Any CPU
		{7C0BB905-8D61-4DEB-98CA-5214104A0799}.Debug|Any CPU.ActiveCfg = Debug|Any CPU
		{7C0BB905-8D61-4DEB-98CA-5214104A0799}.Debug|Any CPU.Build.0 = Debug|Any CPU
		{7C0BB905-8D61-4DEB-98CA-5214104A0799}.Release|Any CPU.ActiveCfg = Release|Any CPU
		{7C0BB905-8D61-4DEB-98CA-5214104A0799}.Release|Any CPU.Build.0 = Release|Any CPU
		{755E7EAD-8BA1-4D13-857E-1CCBC3024283}.Debug|Any CPU.ActiveCfg = Debug|Any CPU
		{755E7EAD-8BA1-4D13-857E-1CCBC3024283}.Debug|Any CPU.Build.0 = Debug|Any CPU
		{755E7EAD-8BA1-4D13-857E-1CCBC3024283}.Release|Any CPU.ActiveCfg = Release|Any CPU
		{755E7EAD-8BA1-4D13-857E-1CCBC3024283}.Release|Any CPU.Build.0 = Release|Any CPU
	EndGlobalSection
	GlobalSection(SolutionProperties) = preSolution
		HideSolutionNode = FALSE
	EndGlobalSection
EndGlobal
