
Microsoft Visual Studio Solution File, Format Version 12.00
# Visual Studio Version 17
VisualStudioVersion = 17.0.31903.59
MinimumVisualStudioVersion = 10.0.40219.1
Project("{FAE04EC0-301F-11D3-BF4B-00C04F79EFBC}") = "Domain", "Domain\Domain.csproj", "{F41E9288-2303-413C-9B06-348297CC4FBC}"
EndProject
Project("{FAE04EC0-301F-11D3-BF4B-00C04F79EFBC}") = "Application", "Application\Application.csproj", "{C3AB37F5-0E75-4B2B-BFF9-865992800C05}"
EndProject
Project("{FAE04EC0-301F-11D3-BF4B-00C04F79EFBC}") = "Infrastructure", "Infrastructure\Infrastructure.csproj", "{C3DBAB3D-BC78-4F2F-A72D-FBA10F2C980B}"
EndProject
Project("{FAE04EC0-301F-11D3-BF4B-00C04F79EFBC}") = "InterfaceAdapters", "InterfaceAdapters\InterfaceAdapters.csproj", "{9746A176-B687-4D03-9E7D-B0726D15D19D}"
EndProject
Global
	GlobalSection(SolutionProperties) = preSolution
		HideSolutionNode = FALSE
	EndGlobalSection
	GlobalSection(SolutionConfigurationPlatforms) = preSolution
		Debug|Any CPU = Debug|Any CPU
		Debug|x64 = Debug|x64
		Debug|x86 = Debug|x86
		Release|Any CPU = Release|Any CPU
		Release|x64 = Release|x64
		Release|x86 = Release|x86
	EndGlobalSection
	GlobalSection(ProjectConfigurationPlatforms) = postSolution
		{F41E9288-2303-413C-9B06-348297CC4FBC}.Debug|Any CPU.ActiveCfg = Debug|Any CPU
		{F41E9288-2303-413C-9B06-348297CC4FBC}.Debug|Any CPU.Build.0 = Debug|Any CPU
		{F41E9288-2303-413C-9B06-348297CC4FBC}.Debug|x64.ActiveCfg = Debug|Any CPU
		{F41E9288-2303-413C-9B06-348297CC4FBC}.Debug|x64.Build.0 = Debug|Any CPU
		{F41E9288-2303-413C-9B06-348297CC4FBC}.Debug|x86.ActiveCfg = Debug|Any CPU
		{F41E9288-2303-413C-9B06-348297CC4FBC}.Debug|x86.Build.0 = Debug|Any CPU
		{F41E9288-2303-413C-9B06-348297CC4FBC}.Release|Any CPU.ActiveCfg = Release|Any CPU
		{F41E9288-2303-413C-9B06-348297CC4FBC}.Release|Any CPU.Build.0 = Release|Any CPU
		{F41E9288-2303-413C-9B06-348297CC4FBC}.Release|x64.ActiveCfg = Release|Any CPU
		{F41E9288-2303-413C-9B06-348297CC4FBC}.Release|x64.Build.0 = Release|Any CPU
		{F41E9288-2303-413C-9B06-348297CC4FBC}.Release|x86.ActiveCfg = Release|Any CPU
		{F41E9288-2303-413C-9B06-348297CC4FBC}.Release|x86.Build.0 = Release|Any CPU
		{C3AB37F5-0E75-4B2B-BFF9-865992800C05}.Debug|Any CPU.ActiveCfg = Debug|Any CPU
		{C3AB37F5-0E75-4B2B-BFF9-865992800C05}.Debug|Any CPU.Build.0 = Debug|Any CPU
		{C3AB37F5-0E75-4B2B-BFF9-865992800C05}.Debug|x64.ActiveCfg = Debug|Any CPU
		{C3AB37F5-0E75-4B2B-BFF9-865992800C05}.Debug|x64.Build.0 = Debug|Any CPU
		{C3AB37F5-0E75-4B2B-BFF9-865992800C05}.Debug|x86.ActiveCfg = Debug|Any CPU
		{C3AB37F5-0E75-4B2B-BFF9-865992800C05}.Debug|x86.Build.0 = Debug|Any CPU
		{C3AB37F5-0E75-4B2B-BFF9-865992800C05}.Release|Any CPU.ActiveCfg = Release|Any CPU
		{C3AB37F5-0E75-4B2B-BFF9-865992800C05}.Release|Any CPU.Build.0 = Release|Any CPU
		{C3AB37F5-0E75-4B2B-BFF9-865992800C05}.Release|x64.ActiveCfg = Release|Any CPU
		{C3AB37F5-0E75-4B2B-BFF9-865992800C05}.Release|x64.Build.0 = Release|Any CPU
		{C3AB37F5-0E75-4B2B-BFF9-865992800C05}.Release|x86.ActiveCfg = Release|Any CPU
		{C3AB37F5-0E75-4B2B-BFF9-865992800C05}.Release|x86.Build.0 = Release|Any CPU
		{C3DBAB3D-BC78-4F2F-A72D-FBA10F2C980B}.Debug|Any CPU.ActiveCfg = Debug|Any CPU
		{C3DBAB3D-BC78-4F2F-A72D-FBA10F2C980B}.Debug|Any CPU.Build.0 = Debug|Any CPU
		{C3DBAB3D-BC78-4F2F-A72D-FBA10F2C980B}.Debug|x64.ActiveCfg = Debug|Any CPU
		{C3DBAB3D-BC78-4F2F-A72D-FBA10F2C980B}.Debug|x64.Build.0 = Debug|Any CPU
		{C3DBAB3D-BC78-4F2F-A72D-FBA10F2C980B}.Debug|x86.ActiveCfg = Debug|Any CPU
		{C3DBAB3D-BC78-4F2F-A72D-FBA10F2C980B}.Debug|x86.Build.0 = Debug|Any CPU
		{C3DBAB3D-BC78-4F2F-A72D-FBA10F2C980B}.Release|Any CPU.ActiveCfg = Release|Any CPU
		{C3DBAB3D-BC78-4F2F-A72D-FBA10F2C980B}.Release|Any CPU.Build.0 = Release|Any CPU
		{C3DBAB3D-BC78-4F2F-A72D-FBA10F2C980B}.Release|x64.ActiveCfg = Release|Any CPU
		{C3DBAB3D-BC78-4F2F-A72D-FBA10F2C980B}.Release|x64.Build.0 = Release|Any CPU
		{C3DBAB3D-BC78-4F2F-A72D-FBA10F2C980B}.Release|x86.ActiveCfg = Release|Any CPU
		{C3DBAB3D-BC78-4F2F-A72D-FBA10F2C980B}.Release|x86.Build.0 = Release|Any CPU
		{9746A176-B687-4D03-9E7D-B0726D15D19D}.Debug|Any CPU.ActiveCfg = Debug|Any CPU
		{9746A176-B687-4D03-9E7D-B0726D15D19D}.Debug|Any CPU.Build.0 = Debug|Any CPU
		{9746A176-B687-4D03-9E7D-B0726D15D19D}.Debug|x64.ActiveCfg = Debug|Any CPU
		{9746A176-B687-4D03-9E7D-B0726D15D19D}.Debug|x64.Build.0 = Debug|Any CPU
		{9746A176-B687-4D03-9E7D-B0726D15D19D}.Debug|x86.ActiveCfg = Debug|Any CPU
		{9746A176-B687-4D03-9E7D-B0726D15D19D}.Debug|x86.Build.0 = Debug|Any CPU
		{9746A176-B687-4D03-9E7D-B0726D15D19D}.Release|Any CPU.ActiveCfg = Release|Any CPU
		{9746A176-B687-4D03-9E7D-B0726D15D19D}.Release|Any CPU.Build.0 = Release|Any CPU
		{9746A176-B687-4D03-9E7D-B0726D15D19D}.Release|x64.ActiveCfg = Release|Any CPU
		{9746A176-B687-4D03-9E7D-B0726D15D19D}.Release|x64.Build.0 = Release|Any CPU
		{9746A176-B687-4D03-9E7D-B0726D15D19D}.Release|x86.ActiveCfg = Release|Any CPU
		{9746A176-B687-4D03-9E7D-B0726D15D19D}.Release|x86.Build.0 = Release|Any CPU
	EndGlobalSection
EndGlobal
